
Microsoft Visual Studio Solution File, Format Version 12.00
# Visual Studio Version 17
VisualStudioVersion = 17.7.34202.233
MinimumVisualStudioVersion = 10.0.40219.1
Project("{F14B399A-7131-4C87-9E4B-1186C45EF12D}") = "311RequestStatisticsByRequestType", "311RequestStatisticsByRequestType\311RequestStatisticsByRequestType.rptproj", "{141CB401-A54B-4B2C-8EFA-95E7C530C6D0}"
EndProject
Global
	GlobalSection(SolutionConfigurationPlatforms) = preSolution
		Debug|Default = Debug|Default
		DebugLocal|Default = DebugLocal|Default
		Release|Default = Release|Default
	EndGlobalSection
	GlobalSection(ProjectConfigurationPlatforms) = postSolution
		{141CB401-A54B-4B2C-8EFA-95E7C530C6D0}.Debug|Default.ActiveCfg = Debug
		{141CB401-A54B-4B2C-8EFA-95E7C530C6D0}.Debug|Default.Build.0 = Debug
		{141CB401-A54B-4B2C-8EFA-95E7C530C6D0}.Debug|Default.Deploy.0 = Debug
		{141CB401-A54B-4B2C-8EFA-95E7C530C6D0}.DebugLocal|Default.ActiveCfg = DebugLocal
		{141CB401-A54B-4B2C-8EFA-95E7C530C6D0}.DebugLocal|Default.Build.0 = DebugLocal
		{141CB401-A54B-4B2C-8EFA-95E7C530C6D0}.Release|Default.ActiveCfg = Release
		{141CB401-A54B-4B2C-8EFA-95E7C530C6D0}.Release|Default.Build.0 = Release
		{141CB401-A54B-4B2C-8EFA-95E7C530C6D0}.Release|Default.Deploy.0 = Release
	EndGlobalSection
	GlobalSection(SolutionProperties) = preSolution
		HideSolutionNode = FALSE
	EndGlobalSection
	GlobalSection(ExtensibilityGlobals) = postSolution
		SolutionGuid = {9C0D535D-4154-4AD4-847F-C6F1E7B7AFB4}
	EndGlobalSection
EndGlobal
